
Microsoft Visual Studio Solution File, Format Version 12.00
# Visual Studio 15
VisualStudioVersion = 15.0.26124.0
MinimumVisualStudioVersion = 15.0.26124.0
Project("{FAE04EC0-301F-11D3-BF4B-00C04F79EFBC}") = "MenuPlanner.WebHost", "MenuPlanner.WebHost\MenuPlanner.WebHost.csproj", "{2A9E3DE8-FA0D-4725-B06D-7ED7F18552A4}"
EndProject
Project("{FAE04EC0-301F-11D3-BF4B-00C04F79EFBC}") = "MenuPlanner.Domain", "MenuPlanner.Domain\MenuPlanner.Domain.csproj", "{4A5B6CA6-4ADD-4A0B-A069-4601E9CBFD5A}"
EndProject
Global
	GlobalSection(SolutionConfigurationPlatforms) = preSolution
		Debug|Any CPU = Debug|Any CPU
		Debug|x64 = Debug|x64
		Debug|x86 = Debug|x86
		Release|Any CPU = Release|Any CPU
		Release|x64 = Release|x64
		Release|x86 = Release|x86
	EndGlobalSection
	GlobalSection(SolutionProperties) = preSolution
		HideSolutionNode = FALSE
	EndGlobalSection
	GlobalSection(ProjectConfigurationPlatforms) = postSolution
		{2A9E3DE8-FA0D-4725-B06D-7ED7F18552A4}.Debug|Any CPU.ActiveCfg = Debug|Any CPU
		{2A9E3DE8-FA0D-4725-B06D-7ED7F18552A4}.Debug|Any CPU.Build.0 = Debug|Any CPU
		{2A9E3DE8-FA0D-4725-B06D-7ED7F18552A4}.Debug|x64.ActiveCfg = Debug|Any CPU
		{2A9E3DE8-FA0D-4725-B06D-7ED7F18552A4}.Debug|x64.Build.0 = Debug|Any CPU
		{2A9E3DE8-FA0D-4725-B06D-7ED7F18552A4}.Debug|x86.ActiveCfg = Debug|Any CPU
		{2A9E3DE8-FA0D-4725-B06D-7ED7F18552A4}.Debug|x86.Build.0 = Debug|Any CPU
		{2A9E3DE8-FA0D-4725-B06D-7ED7F18552A4}.Release|Any CPU.ActiveCfg = Release|Any CPU
		{2A9E3DE8-FA0D-4725-B06D-7ED7F18552A4}.Release|Any CPU.Build.0 = Release|Any CPU
		{2A9E3DE8-FA0D-4725-B06D-7ED7F18552A4}.Release|x64.ActiveCfg = Release|Any CPU
		{2A9E3DE8-FA0D-4725-B06D-7ED7F18552A4}.Release|x64.Build.0 = Release|Any CPU
		{2A9E3DE8-FA0D-4725-B06D-7ED7F18552A4}.Release|x86.ActiveCfg = Release|Any CPU
		{2A9E3DE8-FA0D-4725-B06D-7ED7F18552A4}.Release|x86.Build.0 = Release|Any CPU
		{4A5B6CA6-4ADD-4A0B-A069-4601E9CBFD5A}.Debug|Any CPU.ActiveCfg = Debug|Any CPU
		{4A5B6CA6-4ADD-4A0B-A069-4601E9CBFD5A}.Debug|Any CPU.Build.0 = Debug|Any CPU
		{4A5B6CA6-4ADD-4A0B-A069-4601E9CBFD5A}.Debug|x64.ActiveCfg = Debug|Any CPU
		{4A5B6CA6-4ADD-4A0B-A069-4601E9CBFD5A}.Debug|x64.Build.0 = Debug|Any CPU
		{4A5B6CA6-4ADD-4A0B-A069-4601E9CBFD5A}.Debug|x86.ActiveCfg = Debug|Any CPU
		{4A5B6CA6-4ADD-4A0B-A069-4601E9CBFD5A}.Debug|x86.Build.0 = Debug|Any CPU
		{4A5B6CA6-4ADD-4A0B-A069-4601E9CBFD5A}.Release|Any CPU.ActiveCfg = Release|Any CPU
		{4A5B6CA6-4ADD-4A0B-A069-4601E9CBFD5A}.Release|Any CPU.Build.0 = Release|Any CPU
		{4A5B6CA6-4ADD-4A0B-A069-4601E9CBFD5A}.Release|x64.ActiveCfg = Release|Any CPU
		{4A5B6CA6-4ADD-4A0B-A069-4601E9CBFD5A}.Release|x64.Build.0 = Release|Any CPU
		{4A5B6CA6-4ADD-4A0B-A069-4601E9CBFD5A}.Release|x86.ActiveCfg = Release|Any CPU
		{4A5B6CA6-4ADD-4A0B-A069-4601E9CBFD5A}.Release|x86.Build.0 = Release|Any CPU
	EndGlobalSection
EndGlobal
