
Microsoft Visual Studio Solution File, Format Version 12.00
# Visual Studio 15
VisualStudioVersion = 15.0.26124.0
MinimumVisualStudioVersion = 15.0.26124.0
Project("{FAE04EC0-301F-11D3-BF4B-00C04F79EFBC}") = "MenuPlanner.Domain.ServiceEvents", "MenuPlanner.Domain.ServiceEvents\MenuPlanner.Domain.ServiceEvents.csproj", "{81CB0B3E-1217-4501-A3AD-E84758EB8950}"
EndProject
Project("{FAE04EC0-301F-11D3-BF4B-00C04F79EFBC}") = "MenuPlanner.Domain.Clients", "MenuPlanner.Domain.Clients\MenuPlanner.Domain.Clients.csproj", "{79840334-0AF4-4A26-B2EC-0D339042BD29}"
EndProject
Project("{FAE04EC0-301F-11D3-BF4B-00C04F79EFBC}") = "MenuPlanner.Common", "MenuPlanner.Common\MenuPlanner.Common.csproj", "{B1FD0A84-4C99-4F7A-A233-97362B805572}"
EndProject
Project("{FAE04EC0-301F-11D3-BF4B-00C04F79EFBC}") = "MenuPlanner.Domain.Menus", "MenuPlanner.Domain.Menus\MenuPlanner.Domain.Menus.csproj", "{DBAEA83A-F16E-4F7E-97F1-FB490E2EBDA1}"
EndProject
Project("{FAE04EC0-301F-11D3-BF4B-00C04F79EFBC}") = "MenuPlanner.Data.Clients.RDS", "MenuPlanner.Data.Clients.RDS\MenuPlanner.Data.Clients.RDS.csproj", "{CD3730EE-AA5A-46B2-81D5-63457529374C}"
EndProject
Project("{FAE04EC0-301F-11D3-BF4B-00C04F79EFBC}") = "MenuPlanner.Data.Menus.RDS", "MenuPlanner.Data.Menus.RDS\MenuPlanner.Data.Menus.RDS.csproj", "{D0762B46-DB6F-48EC-B4BD-D1E734AFF84E}"
EndProject
Project("{FAE04EC0-301F-11D3-BF4B-00C04F79EFBC}") = "MenuPlanner.Data", "MenuPlanner.Data\MenuPlanner.Data.csproj", "{CAD3035B-9118-49D4-AD40-B6C00EF6082D}"
EndProject
Project("{FAE04EC0-301F-11D3-BF4B-00C04F79EFBC}") = "MenuPlanner.Data.ServiceEvents.RDS", "MenuPlanner.Data.ServiceEvents.RDS\MenuPlanner.Data.ServiceEvents.RDS.csproj", "{191EAC0F-95B4-4CA3-A69D-DBF6D96E1288}"
EndProject
Global
	GlobalSection(SolutionConfigurationPlatforms) = preSolution
		Debug|Any CPU = Debug|Any CPU
		Debug|x64 = Debug|x64
		Debug|x86 = Debug|x86
		Release|Any CPU = Release|Any CPU
		Release|x64 = Release|x64
		Release|x86 = Release|x86
	EndGlobalSection
	GlobalSection(SolutionProperties) = preSolution
		HideSolutionNode = FALSE
	EndGlobalSection
	GlobalSection(ProjectConfigurationPlatforms) = postSolution
		{81CB0B3E-1217-4501-A3AD-E84758EB8950}.Debug|Any CPU.ActiveCfg = Debug|Any CPU
		{81CB0B3E-1217-4501-A3AD-E84758EB8950}.Debug|Any CPU.Build.0 = Debug|Any CPU
		{81CB0B3E-1217-4501-A3AD-E84758EB8950}.Debug|x64.ActiveCfg = Debug|Any CPU
		{81CB0B3E-1217-4501-A3AD-E84758EB8950}.Debug|x64.Build.0 = Debug|Any CPU
		{81CB0B3E-1217-4501-A3AD-E84758EB8950}.Debug|x86.ActiveCfg = Debug|Any CPU
		{81CB0B3E-1217-4501-A3AD-E84758EB8950}.Debug|x86.Build.0 = Debug|Any CPU
		{81CB0B3E-1217-4501-A3AD-E84758EB8950}.Release|Any CPU.ActiveCfg = Release|Any CPU
		{81CB0B3E-1217-4501-A3AD-E84758EB8950}.Release|Any CPU.Build.0 = Release|Any CPU
		{81CB0B3E-1217-4501-A3AD-E84758EB8950}.Release|x64.ActiveCfg = Release|Any CPU
		{81CB0B3E-1217-4501-A3AD-E84758EB8950}.Release|x64.Build.0 = Release|Any CPU
		{81CB0B3E-1217-4501-A3AD-E84758EB8950}.Release|x86.ActiveCfg = Release|Any CPU
		{81CB0B3E-1217-4501-A3AD-E84758EB8950}.Release|x86.Build.0 = Release|Any CPU
		{79840334-0AF4-4A26-B2EC-0D339042BD29}.Debug|Any CPU.ActiveCfg = Debug|Any CPU
		{79840334-0AF4-4A26-B2EC-0D339042BD29}.Debug|Any CPU.Build.0 = Debug|Any CPU
		{79840334-0AF4-4A26-B2EC-0D339042BD29}.Debug|x64.ActiveCfg = Debug|Any CPU
		{79840334-0AF4-4A26-B2EC-0D339042BD29}.Debug|x64.Build.0 = Debug|Any CPU
		{79840334-0AF4-4A26-B2EC-0D339042BD29}.Debug|x86.ActiveCfg = Debug|Any CPU
		{79840334-0AF4-4A26-B2EC-0D339042BD29}.Debug|x86.Build.0 = Debug|Any CPU
		{79840334-0AF4-4A26-B2EC-0D339042BD29}.Release|Any CPU.ActiveCfg = Release|Any CPU
		{79840334-0AF4-4A26-B2EC-0D339042BD29}.Release|Any CPU.Build.0 = Release|Any CPU
		{79840334-0AF4-4A26-B2EC-0D339042BD29}.Release|x64.ActiveCfg = Release|Any CPU
		{79840334-0AF4-4A26-B2EC-0D339042BD29}.Release|x64.Build.0 = Release|Any CPU
		{79840334-0AF4-4A26-B2EC-0D339042BD29}.Release|x86.ActiveCfg = Release|Any CPU
		{79840334-0AF4-4A26-B2EC-0D339042BD29}.Release|x86.Build.0 = Release|Any CPU
		{B1FD0A84-4C99-4F7A-A233-97362B805572}.Debug|Any CPU.ActiveCfg = Debug|Any CPU
		{B1FD0A84-4C99-4F7A-A233-97362B805572}.Debug|Any CPU.Build.0 = Debug|Any CPU
		{B1FD0A84-4C99-4F7A-A233-97362B805572}.Debug|x64.ActiveCfg = Debug|Any CPU
		{B1FD0A84-4C99-4F7A-A233-97362B805572}.Debug|x64.Build.0 = Debug|Any CPU
		{B1FD0A84-4C99-4F7A-A233-97362B805572}.Debug|x86.ActiveCfg = Debug|Any CPU
		{B1FD0A84-4C99-4F7A-A233-97362B805572}.Debug|x86.Build.0 = Debug|Any CPU
		{B1FD0A84-4C99-4F7A-A233-97362B805572}.Release|Any CPU.ActiveCfg = Release|Any CPU
		{B1FD0A84-4C99-4F7A-A233-97362B805572}.Release|Any CPU.Build.0 = Release|Any CPU
		{B1FD0A84-4C99-4F7A-A233-97362B805572}.Release|x64.ActiveCfg = Release|Any CPU
		{B1FD0A84-4C99-4F7A-A233-97362B805572}.Release|x64.Build.0 = Release|Any CPU
		{B1FD0A84-4C99-4F7A-A233-97362B805572}.Release|x86.ActiveCfg = Release|Any CPU
		{B1FD0A84-4C99-4F7A-A233-97362B805572}.Release|x86.Build.0 = Release|Any CPU
		{DBAEA83A-F16E-4F7E-97F1-FB490E2EBDA1}.Debug|Any CPU.ActiveCfg = Debug|Any CPU
		{DBAEA83A-F16E-4F7E-97F1-FB490E2EBDA1}.Debug|Any CPU.Build.0 = Debug|Any CPU
		{DBAEA83A-F16E-4F7E-97F1-FB490E2EBDA1}.Debug|x64.ActiveCfg = Debug|Any CPU
		{DBAEA83A-F16E-4F7E-97F1-FB490E2EBDA1}.Debug|x64.Build.0 = Debug|Any CPU
		{DBAEA83A-F16E-4F7E-97F1-FB490E2EBDA1}.Debug|x86.ActiveCfg = Debug|Any CPU
		{DBAEA83A-F16E-4F7E-97F1-FB490E2EBDA1}.Debug|x86.Build.0 = Debug|Any CPU
		{DBAEA83A-F16E-4F7E-97F1-FB490E2EBDA1}.Release|Any CPU.ActiveCfg = Release|Any CPU
		{DBAEA83A-F16E-4F7E-97F1-FB490E2EBDA1}.Release|Any CPU.Build.0 = Release|Any CPU
		{DBAEA83A-F16E-4F7E-97F1-FB490E2EBDA1}.Release|x64.ActiveCfg = Release|Any CPU
		{DBAEA83A-F16E-4F7E-97F1-FB490E2EBDA1}.Release|x64.Build.0 = Release|Any CPU
		{DBAEA83A-F16E-4F7E-97F1-FB490E2EBDA1}.Release|x86.ActiveCfg = Release|Any CPU
		{DBAEA83A-F16E-4F7E-97F1-FB490E2EBDA1}.Release|x86.Build.0 = Release|Any CPU
		{CD3730EE-AA5A-46B2-81D5-63457529374C}.Debug|Any CPU.ActiveCfg = Debug|Any CPU
		{CD3730EE-AA5A-46B2-81D5-63457529374C}.Debug|Any CPU.Build.0 = Debug|Any CPU
		{CD3730EE-AA5A-46B2-81D5-63457529374C}.Debug|x64.ActiveCfg = Debug|Any CPU
		{CD3730EE-AA5A-46B2-81D5-63457529374C}.Debug|x64.Build.0 = Debug|Any CPU
		{CD3730EE-AA5A-46B2-81D5-63457529374C}.Debug|x86.ActiveCfg = Debug|Any CPU
		{CD3730EE-AA5A-46B2-81D5-63457529374C}.Debug|x86.Build.0 = Debug|Any CPU
		{CD3730EE-AA5A-46B2-81D5-63457529374C}.Release|Any CPU.ActiveCfg = Release|Any CPU
		{CD3730EE-AA5A-46B2-81D5-63457529374C}.Release|Any CPU.Build.0 = Release|Any CPU
		{CD3730EE-AA5A-46B2-81D5-63457529374C}.Release|x64.ActiveCfg = Release|Any CPU
		{CD3730EE-AA5A-46B2-81D5-63457529374C}.Release|x64.Build.0 = Release|Any CPU
		{CD3730EE-AA5A-46B2-81D5-63457529374C}.Release|x86.ActiveCfg = Release|Any CPU
		{CD3730EE-AA5A-46B2-81D5-63457529374C}.Release|x86.Build.0 = Release|Any CPU
		{D0762B46-DB6F-48EC-B4BD-D1E734AFF84E}.Debug|Any CPU.ActiveCfg = Debug|Any CPU
		{D0762B46-DB6F-48EC-B4BD-D1E734AFF84E}.Debug|Any CPU.Build.0 = Debug|Any CPU
		{D0762B46-DB6F-48EC-B4BD-D1E734AFF84E}.Debug|x64.ActiveCfg = Debug|Any CPU
		{D0762B46-DB6F-48EC-B4BD-D1E734AFF84E}.Debug|x64.Build.0 = Debug|Any CPU
		{D0762B46-DB6F-48EC-B4BD-D1E734AFF84E}.Debug|x86.ActiveCfg = Debug|Any CPU
		{D0762B46-DB6F-48EC-B4BD-D1E734AFF84E}.Debug|x86.Build.0 = Debug|Any CPU
		{D0762B46-DB6F-48EC-B4BD-D1E734AFF84E}.Release|Any CPU.ActiveCfg = Release|Any CPU
		{D0762B46-DB6F-48EC-B4BD-D1E734AFF84E}.Release|Any CPU.Build.0 = Release|Any CPU
		{D0762B46-DB6F-48EC-B4BD-D1E734AFF84E}.Release|x64.ActiveCfg = Release|Any CPU
		{D0762B46-DB6F-48EC-B4BD-D1E734AFF84E}.Release|x64.Build.0 = Release|Any CPU
		{D0762B46-DB6F-48EC-B4BD-D1E734AFF84E}.Release|x86.ActiveCfg = Release|Any CPU
		{D0762B46-DB6F-48EC-B4BD-D1E734AFF84E}.Release|x86.Build.0 = Release|Any CPU
		{CAD3035B-9118-49D4-AD40-B6C00EF6082D}.Debug|Any CPU.ActiveCfg = Debug|Any CPU
		{CAD3035B-9118-49D4-AD40-B6C00EF6082D}.Debug|Any CPU.Build.0 = Debug|Any CPU
		{CAD3035B-9118-49D4-AD40-B6C00EF6082D}.Debug|x64.ActiveCfg = Debug|Any CPU
		{CAD3035B-9118-49D4-AD40-B6C00EF6082D}.Debug|x64.Build.0 = Debug|Any CPU
		{CAD3035B-9118-49D4-AD40-B6C00EF6082D}.Debug|x86.ActiveCfg = Debug|Any CPU
		{CAD3035B-9118-49D4-AD40-B6C00EF6082D}.Debug|x86.Build.0 = Debug|Any CPU
		{CAD3035B-9118-49D4-AD40-B6C00EF6082D}.Release|Any CPU.ActiveCfg = Release|Any CPU
		{CAD3035B-9118-49D4-AD40-B6C00EF6082D}.Release|Any CPU.Build.0 = Release|Any CPU
		{CAD3035B-9118-49D4-AD40-B6C00EF6082D}.Release|x64.ActiveCfg = Release|Any CPU
		{CAD3035B-9118-49D4-AD40-B6C00EF6082D}.Release|x64.Build.0 = Release|Any CPU
		{CAD3035B-9118-49D4-AD40-B6C00EF6082D}.Release|x86.ActiveCfg = Release|Any CPU
		{CAD3035B-9118-49D4-AD40-B6C00EF6082D}.Release|x86.Build.0 = Release|Any CPU
		{191EAC0F-95B4-4CA3-A69D-DBF6D96E1288}.Debug|Any CPU.ActiveCfg = Debug|Any CPU
		{191EAC0F-95B4-4CA3-A69D-DBF6D96E1288}.Debug|Any CPU.Build.0 = Debug|Any CPU
		{191EAC0F-95B4-4CA3-A69D-DBF6D96E1288}.Debug|x64.ActiveCfg = Debug|Any CPU
		{191EAC0F-95B4-4CA3-A69D-DBF6D96E1288}.Debug|x64.Build.0 = Debug|Any CPU
		{191EAC0F-95B4-4CA3-A69D-DBF6D96E1288}.Debug|x86.ActiveCfg = Debug|Any CPU
		{191EAC0F-95B4-4CA3-A69D-DBF6D96E1288}.Debug|x86.Build.0 = Debug|Any CPU
		{191EAC0F-95B4-4CA3-A69D-DBF6D96E1288}.Release|Any CPU.ActiveCfg = Release|Any CPU
		{191EAC0F-95B4-4CA3-A69D-DBF6D96E1288}.Release|Any CPU.Build.0 = Release|Any CPU
		{191EAC0F-95B4-4CA3-A69D-DBF6D96E1288}.Release|x64.ActiveCfg = Release|Any CPU
		{191EAC0F-95B4-4CA3-A69D-DBF6D96E1288}.Release|x64.Build.0 = Release|Any CPU
		{191EAC0F-95B4-4CA3-A69D-DBF6D96E1288}.Release|x86.ActiveCfg = Release|Any CPU
		{191EAC0F-95B4-4CA3-A69D-DBF6D96E1288}.Release|x86.Build.0 = Release|Any CPU
	EndGlobalSection
EndGlobal
