
Microsoft Visual Studio Solution File, Format Version 12.00
# Visual Studio 15
VisualStudioVersion = 15.0.26124.0
MinimumVisualStudioVersion = 15.0.26124.0
Project("{FAE04EC0-301F-11D3-BF4B-00C04F79EFBC}") = "MenuPlanner.Domain.ServiceDays", "MenuPlanner.Domain.ServiceDays\MenuPlanner.Domain.ServiceDays.csproj", "{81CB0B3E-1217-4501-A3AD-E84758EB8950}"
EndProject
Project("{FAE04EC0-301F-11D3-BF4B-00C04F79EFBC}") = "MenuPlanner.Domain.Clients", "MenuPlanner.Domain.Clients\MenuPlanner.Domain.Clients.csproj", "{79840334-0AF4-4A26-B2EC-0D339042BD29}"
EndProject
Project("{FAE04EC0-301F-11D3-BF4B-00C04F79EFBC}") = "MenuPlanner.Domain.Common", "MenuPlanner.Domain.Common\MenuPlanner.Domain.Common.csproj", "{B1FD0A84-4C99-4F7A-A233-97362B805572}"
EndProject
Project("{FAE04EC0-301F-11D3-BF4B-00C04F79EFBC}") = "MenuPlanner.Domain.Menus", "MenuPlanner.Domain.Menus\MenuPlanner.Domain.Menus.csproj", "{DBAEA83A-F16E-4F7E-97F1-FB490E2EBDA1}"
EndProject
Project("{FAE04EC0-301F-11D3-BF4B-00C04F79EFBC}") = "MenuPlanner.Data.Clients.Dynamo", "MenuPlanner.Data.Clients.Dynamo\MenuPlanner.Data.Clients.Dynamo.csproj", "{9E920826-8C39-409C-8E25-D6254ACAD625}"
EndProject
Global
	GlobalSection(SolutionConfigurationPlatforms) = preSolution
		Debug|Any CPU = Debug|Any CPU
		Debug|x64 = Debug|x64
		Debug|x86 = Debug|x86
		Release|Any CPU = Release|Any CPU
		Release|x64 = Release|x64
		Release|x86 = Release|x86
	EndGlobalSection
	GlobalSection(SolutionProperties) = preSolution
		HideSolutionNode = FALSE
	EndGlobalSection
	GlobalSection(ProjectConfigurationPlatforms) = postSolution
		{81CB0B3E-1217-4501-A3AD-E84758EB8950}.Debug|Any CPU.ActiveCfg = Debug|Any CPU
		{81CB0B3E-1217-4501-A3AD-E84758EB8950}.Debug|Any CPU.Build.0 = Debug|Any CPU
		{81CB0B3E-1217-4501-A3AD-E84758EB8950}.Debug|x64.ActiveCfg = Debug|Any CPU
		{81CB0B3E-1217-4501-A3AD-E84758EB8950}.Debug|x64.Build.0 = Debug|Any CPU
		{81CB0B3E-1217-4501-A3AD-E84758EB8950}.Debug|x86.ActiveCfg = Debug|Any CPU
		{81CB0B3E-1217-4501-A3AD-E84758EB8950}.Debug|x86.Build.0 = Debug|Any CPU
		{81CB0B3E-1217-4501-A3AD-E84758EB8950}.Release|Any CPU.ActiveCfg = Release|Any CPU
		{81CB0B3E-1217-4501-A3AD-E84758EB8950}.Release|Any CPU.Build.0 = Release|Any CPU
		{81CB0B3E-1217-4501-A3AD-E84758EB8950}.Release|x64.ActiveCfg = Release|Any CPU
		{81CB0B3E-1217-4501-A3AD-E84758EB8950}.Release|x64.Build.0 = Release|Any CPU
		{81CB0B3E-1217-4501-A3AD-E84758EB8950}.Release|x86.ActiveCfg = Release|Any CPU
		{81CB0B3E-1217-4501-A3AD-E84758EB8950}.Release|x86.Build.0 = Release|Any CPU
		{79840334-0AF4-4A26-B2EC-0D339042BD29}.Debug|Any CPU.ActiveCfg = Debug|Any CPU
		{79840334-0AF4-4A26-B2EC-0D339042BD29}.Debug|Any CPU.Build.0 = Debug|Any CPU
		{79840334-0AF4-4A26-B2EC-0D339042BD29}.Debug|x64.ActiveCfg = Debug|Any CPU
		{79840334-0AF4-4A26-B2EC-0D339042BD29}.Debug|x64.Build.0 = Debug|Any CPU
		{79840334-0AF4-4A26-B2EC-0D339042BD29}.Debug|x86.ActiveCfg = Debug|Any CPU
		{79840334-0AF4-4A26-B2EC-0D339042BD29}.Debug|x86.Build.0 = Debug|Any CPU
		{79840334-0AF4-4A26-B2EC-0D339042BD29}.Release|Any CPU.ActiveCfg = Release|Any CPU
		{79840334-0AF4-4A26-B2EC-0D339042BD29}.Release|Any CPU.Build.0 = Release|Any CPU
		{79840334-0AF4-4A26-B2EC-0D339042BD29}.Release|x64.ActiveCfg = Release|Any CPU
		{79840334-0AF4-4A26-B2EC-0D339042BD29}.Release|x64.Build.0 = Release|Any CPU
		{79840334-0AF4-4A26-B2EC-0D339042BD29}.Release|x86.ActiveCfg = Release|Any CPU
		{79840334-0AF4-4A26-B2EC-0D339042BD29}.Release|x86.Build.0 = Release|Any CPU
		{B1FD0A84-4C99-4F7A-A233-97362B805572}.Debug|Any CPU.ActiveCfg = Debug|Any CPU
		{B1FD0A84-4C99-4F7A-A233-97362B805572}.Debug|Any CPU.Build.0 = Debug|Any CPU
		{B1FD0A84-4C99-4F7A-A233-97362B805572}.Debug|x64.ActiveCfg = Debug|Any CPU
		{B1FD0A84-4C99-4F7A-A233-97362B805572}.Debug|x64.Build.0 = Debug|Any CPU
		{B1FD0A84-4C99-4F7A-A233-97362B805572}.Debug|x86.ActiveCfg = Debug|Any CPU
		{B1FD0A84-4C99-4F7A-A233-97362B805572}.Debug|x86.Build.0 = Debug|Any CPU
		{B1FD0A84-4C99-4F7A-A233-97362B805572}.Release|Any CPU.ActiveCfg = Release|Any CPU
		{B1FD0A84-4C99-4F7A-A233-97362B805572}.Release|Any CPU.Build.0 = Release|Any CPU
		{B1FD0A84-4C99-4F7A-A233-97362B805572}.Release|x64.ActiveCfg = Release|Any CPU
		{B1FD0A84-4C99-4F7A-A233-97362B805572}.Release|x64.Build.0 = Release|Any CPU
		{B1FD0A84-4C99-4F7A-A233-97362B805572}.Release|x86.ActiveCfg = Release|Any CPU
		{B1FD0A84-4C99-4F7A-A233-97362B805572}.Release|x86.Build.0 = Release|Any CPU
		{DBAEA83A-F16E-4F7E-97F1-FB490E2EBDA1}.Debug|Any CPU.ActiveCfg = Debug|Any CPU
		{DBAEA83A-F16E-4F7E-97F1-FB490E2EBDA1}.Debug|Any CPU.Build.0 = Debug|Any CPU
		{DBAEA83A-F16E-4F7E-97F1-FB490E2EBDA1}.Debug|x64.ActiveCfg = Debug|Any CPU
		{DBAEA83A-F16E-4F7E-97F1-FB490E2EBDA1}.Debug|x64.Build.0 = Debug|Any CPU
		{DBAEA83A-F16E-4F7E-97F1-FB490E2EBDA1}.Debug|x86.ActiveCfg = Debug|Any CPU
		{DBAEA83A-F16E-4F7E-97F1-FB490E2EBDA1}.Debug|x86.Build.0 = Debug|Any CPU
		{DBAEA83A-F16E-4F7E-97F1-FB490E2EBDA1}.Release|Any CPU.ActiveCfg = Release|Any CPU
		{DBAEA83A-F16E-4F7E-97F1-FB490E2EBDA1}.Release|Any CPU.Build.0 = Release|Any CPU
		{DBAEA83A-F16E-4F7E-97F1-FB490E2EBDA1}.Release|x64.ActiveCfg = Release|Any CPU
		{DBAEA83A-F16E-4F7E-97F1-FB490E2EBDA1}.Release|x64.Build.0 = Release|Any CPU
		{DBAEA83A-F16E-4F7E-97F1-FB490E2EBDA1}.Release|x86.ActiveCfg = Release|Any CPU
		{DBAEA83A-F16E-4F7E-97F1-FB490E2EBDA1}.Release|x86.Build.0 = Release|Any CPU
		{9E920826-8C39-409C-8E25-D6254ACAD625}.Debug|Any CPU.ActiveCfg = Debug|Any CPU
		{9E920826-8C39-409C-8E25-D6254ACAD625}.Debug|Any CPU.Build.0 = Debug|Any CPU
		{9E920826-8C39-409C-8E25-D6254ACAD625}.Debug|x64.ActiveCfg = Debug|Any CPU
		{9E920826-8C39-409C-8E25-D6254ACAD625}.Debug|x64.Build.0 = Debug|Any CPU
		{9E920826-8C39-409C-8E25-D6254ACAD625}.Debug|x86.ActiveCfg = Debug|Any CPU
		{9E920826-8C39-409C-8E25-D6254ACAD625}.Debug|x86.Build.0 = Debug|Any CPU
		{9E920826-8C39-409C-8E25-D6254ACAD625}.Release|Any CPU.ActiveCfg = Release|Any CPU
		{9E920826-8C39-409C-8E25-D6254ACAD625}.Release|Any CPU.Build.0 = Release|Any CPU
		{9E920826-8C39-409C-8E25-D6254ACAD625}.Release|x64.ActiveCfg = Release|Any CPU
		{9E920826-8C39-409C-8E25-D6254ACAD625}.Release|x64.Build.0 = Release|Any CPU
		{9E920826-8C39-409C-8E25-D6254ACAD625}.Release|x86.ActiveCfg = Release|Any CPU
		{9E920826-8C39-409C-8E25-D6254ACAD625}.Release|x86.Build.0 = Release|Any CPU
	EndGlobalSection
EndGlobal
